// !$*UTF8*$!
{
	archiveVersion = 1;
	classes = {
	};
	objectVersion = 56;
	objects = {

/* Begin PBXBuildFile section */
		C0085F482913EB98001C174A /* AnimatedAsyncImageView.swift in Sources */ = {isa = PBXBuildFile; fileRef = C0085F472913EB98001C174A /* AnimatedAsyncImageView.swift */; };
		C0085F4C2913EE49001C174A /* Double + Ext.swift in Sources */ = {isa = PBXBuildFile; fileRef = C0085F4B2913EE49001C174A /* Double + Ext.swift */; };
		C0085F4E2913EE72001C174A /* AppConstants.swift in Sources */ = {isa = PBXBuildFile; fileRef = C0085F4D2913EE72001C174A /* AppConstants.swift */; };
		C010A56D291178CE00C971FB /* SwiftUI_MVVM_ExampleApp.swift in Sources */ = {isa = PBXBuildFile; fileRef = C010A56C291178CE00C971FB /* SwiftUI_MVVM_ExampleApp.swift */; };
		C010A571291178CF00C971FB /* Assets.xcassets in Resources */ = {isa = PBXBuildFile; fileRef = C010A570291178CF00C971FB /* Assets.xcassets */; };
		C010A574291178CF00C971FB /* Preview Assets.xcassets in Resources */ = {isa = PBXBuildFile; fileRef = C010A573291178CF00C971FB /* Preview Assets.xcassets */; };
		C03B6C7D2917ADC0008E5018 /* TabbarButton.swift in Sources */ = {isa = PBXBuildFile; fileRef = C03B6C7C2917ADC0008E5018 /* TabbarButton.swift */; };
		C03B6C7F2917B1D8008E5018 /* TabbarRoot.swift in Sources */ = {isa = PBXBuildFile; fileRef = C03B6C7E2917B1D8008E5018 /* TabbarRoot.swift */; };
		C03B6C832917B1F6008E5018 /* HomeView.swift in Sources */ = {isa = PBXBuildFile; fileRef = C03B6C822917B1F6008E5018 /* HomeView.swift */; };
		C03B6C852917B495008E5018 /* SearchView.swift in Sources */ = {isa = PBXBuildFile; fileRef = C03B6C842917B495008E5018 /* SearchView.swift */; };
		C03B6C882917B610008E5018 /* MovieListSection.swift in Sources */ = {isa = PBXBuildFile; fileRef = C03B6C872917B610008E5018 /* MovieListSection.swift */; };
		C03B6C8A2917B78E008E5018 /* Movie.swift in Sources */ = {isa = PBXBuildFile; fileRef = C03B6C892917B78E008E5018 /* Movie.swift */; };
		C03B6C8C2917B795008E5018 /* MovieList.swift in Sources */ = {isa = PBXBuildFile; fileRef = C03B6C8B2917B795008E5018 /* MovieList.swift */; };
		C03B6C8F2917C816008E5018 /* HomeViewModel.swift in Sources */ = {isa = PBXBuildFile; fileRef = C03B6C8E2917C816008E5018 /* HomeViewModel.swift */; };
		C094A956291509F500D2BB39 /* NetworkManager.swift in Sources */ = {isa = PBXBuildFile; fileRef = C094A955291509F500D2BB39 /* NetworkManager.swift */; };
		C0EAD879291AC8750078DEE8 /* Data + Ext.swift in Sources */ = {isa = PBXBuildFile; fileRef = C0EAD878291AC8750078DEE8 /* Data + Ext.swift */; };
		C0F0B59A29157CE600BA2499 /* AppEnvironments.swift in Sources */ = {isa = PBXBuildFile; fileRef = C0F0B59929157CE600BA2499 /* AppEnvironments.swift */; };
		C0F628262913F7980020BB59 /* SwiftUIAnimatedRingCharts in Frameworks */ = {isa = PBXBuildFile; productRef = C0F628252913F7980020BB59 /* SwiftUIAnimatedRingCharts */; };
		C0FA34A22912DCBB00885E73 /* MovieCardView.swift in Sources */ = {isa = PBXBuildFile; fileRef = C0FA34A12912DCBB00885E73 /* MovieCardView.swift */; };
		C0FC605C2918F48A00643C93 /* SearchViewModel.swift in Sources */ = {isa = PBXBuildFile; fileRef = C0FC605B2918F48A00643C93 /* SearchViewModel.swift */; };
		C0FC605E2918F52100643C93 /* RequestAbleMovieListProtocol.swift in Sources */ = {isa = PBXBuildFile; fileRef = C0FC605D2918F52100643C93 /* RequestAbleMovieListProtocol.swift */; };
/* End PBXBuildFile section */

/* Begin PBXFileReference section */
		C0085F472913EB98001C174A /* AnimatedAsyncImageView.swift */ = {isa = PBXFileReference; lastKnownFileType = sourcecode.swift; path = AnimatedAsyncImageView.swift; sourceTree = "<group>"; };
		C0085F4B2913EE49001C174A /* Double + Ext.swift */ = {isa = PBXFileReference; lastKnownFileType = sourcecode.swift; path = "Double + Ext.swift"; sourceTree = "<group>"; };
		C0085F4D2913EE72001C174A /* AppConstants.swift */ = {isa = PBXFileReference; lastKnownFileType = sourcecode.swift; path = AppConstants.swift; sourceTree = "<group>"; };
		C010A569291178CE00C971FB /* SwiftUI-MVVM-Example.app */ = {isa = PBXFileReference; explicitFileType = wrapper.application; includeInIndex = 0; path = "SwiftUI-MVVM-Example.app"; sourceTree = BUILT_PRODUCTS_DIR; };
		C010A56C291178CE00C971FB /* SwiftUI_MVVM_ExampleApp.swift */ = {isa = PBXFileReference; lastKnownFileType = sourcecode.swift; path = SwiftUI_MVVM_ExampleApp.swift; sourceTree = "<group>"; };
		C010A570291178CF00C971FB /* Assets.xcassets */ = {isa = PBXFileReference; lastKnownFileType = folder.assetcatalog; path = Assets.xcassets; sourceTree = "<group>"; };
		C010A573291178CF00C971FB /* Preview Assets.xcassets */ = {isa = PBXFileReference; lastKnownFileType = folder.assetcatalog; path = "Preview Assets.xcassets"; sourceTree = "<group>"; };
		C03B6C7C2917ADC0008E5018 /* TabbarButton.swift */ = {isa = PBXFileReference; lastKnownFileType = sourcecode.swift; path = TabbarButton.swift; sourceTree = "<group>"; };
		C03B6C7E2917B1D8008E5018 /* TabbarRoot.swift */ = {isa = PBXFileReference; lastKnownFileType = sourcecode.swift; path = TabbarRoot.swift; sourceTree = "<group>"; };
		C03B6C822917B1F6008E5018 /* HomeView.swift */ = {isa = PBXFileReference; lastKnownFileType = sourcecode.swift; path = HomeView.swift; sourceTree = "<group>"; };
		C03B6C842917B495008E5018 /* SearchView.swift */ = {isa = PBXFileReference; lastKnownFileType = sourcecode.swift; path = SearchView.swift; sourceTree = "<group>"; };
		C03B6C872917B610008E5018 /* MovieListSection.swift */ = {isa = PBXFileReference; lastKnownFileType = sourcecode.swift; path = MovieListSection.swift; sourceTree = "<group>"; };
		C03B6C892917B78E008E5018 /* Movie.swift */ = {isa = PBXFileReference; lastKnownFileType = sourcecode.swift; path = Movie.swift; sourceTree = "<group>"; };
		C03B6C8B2917B795008E5018 /* MovieList.swift */ = {isa = PBXFileReference; lastKnownFileType = sourcecode.swift; path = MovieList.swift; sourceTree = "<group>"; };
		C03B6C8E2917C816008E5018 /* HomeViewModel.swift */ = {isa = PBXFileReference; lastKnownFileType = sourcecode.swift; path = HomeViewModel.swift; sourceTree = "<group>"; };
		C094A955291509F500D2BB39 /* NetworkManager.swift */ = {isa = PBXFileReference; lastKnownFileType = sourcecode.swift; path = NetworkManager.swift; sourceTree = "<group>"; };
		C0EAD878291AC8750078DEE8 /* Data + Ext.swift */ = {isa = PBXFileReference; lastKnownFileType = sourcecode.swift; path = "Data + Ext.swift"; sourceTree = "<group>"; };
		C0F0B59929157CE600BA2499 /* AppEnvironments.swift */ = {isa = PBXFileReference; lastKnownFileType = sourcecode.swift; path = AppEnvironments.swift; sourceTree = "<group>"; };
		C0FA34A12912DCBB00885E73 /* MovieCardView.swift */ = {isa = PBXFileReference; lastKnownFileType = sourcecode.swift; path = MovieCardView.swift; sourceTree = "<group>"; };
		C0FC605B2918F48A00643C93 /* SearchViewModel.swift */ = {isa = PBXFileReference; lastKnownFileType = sourcecode.swift; path = SearchViewModel.swift; sourceTree = "<group>"; };
		C0FC605D2918F52100643C93 /* RequestAbleMovieListProtocol.swift */ = {isa = PBXFileReference; lastKnownFileType = sourcecode.swift; path = RequestAbleMovieListProtocol.swift; sourceTree = "<group>"; };
/* End PBXFileReference section */

/* Begin PBXFrameworksBuildPhase section */
		C010A566291178CE00C971FB /* Frameworks */ = {
			isa = PBXFrameworksBuildPhase;
			buildActionMask = 2147483647;
			files = (
				C0F628262913F7980020BB59 /* SwiftUIAnimatedRingCharts in Frameworks */,
			);
			runOnlyForDeploymentPostprocessing = 0;
		};
/* End PBXFrameworksBuildPhase section */

/* Begin PBXGroup section */
		C0085F492913EE2F001C174A /* Utils */ = {
			isa = PBXGroup;
			children = (
				C0085F4B2913EE49001C174A /* Double + Ext.swift */,
				C0085F4D2913EE72001C174A /* AppConstants.swift */,
				C0FC605D2918F52100643C93 /* RequestAbleMovieListProtocol.swift */,
				C0EAD878291AC8750078DEE8 /* Data + Ext.swift */,
			);
			path = Utils;
			sourceTree = "<group>";
		};
		C010A560291178CE00C971FB = {
			isa = PBXGroup;
			children = (
				C010A56B291178CE00C971FB /* SwiftUI-MVVM-Example */,
				C010A56A291178CE00C971FB /* Products */,
			);
			sourceTree = "<group>";
		};
		C010A56A291178CE00C971FB /* Products */ = {
			isa = PBXGroup;
			children = (
				C010A569291178CE00C971FB /* SwiftUI-MVVM-Example.app */,
			);
			name = Products;
			sourceTree = "<group>";
		};
		C010A56B291178CE00C971FB /* SwiftUI-MVVM-Example */ = {
			isa = PBXGroup;
			children = (
				C03B6C862917B5D7008E5018 /* Models */,
				C03B6C7A2917AC09008E5018 /* Modules */,
				C0F0B59829157CD200BA2499 /* Core */,
				C094A954291509E600D2BB39 /* Network */,
				C0085F492913EE2F001C174A /* Utils */,
				C0FA34A02912DCAD00885E73 /* Components */,
				C010A570291178CF00C971FB /* Assets.xcassets */,
				C010A572291178CF00C971FB /* Preview Content */,
			);
			path = "SwiftUI-MVVM-Example";
			sourceTree = "<group>";
		};
		C010A572291178CF00C971FB /* Preview Content */ = {
			isa = PBXGroup;
			children = (
				C010A573291178CF00C971FB /* Preview Assets.xcassets */,
			);
			path = "Preview Content";
			sourceTree = "<group>";
		};
		C03B6C7A2917AC09008E5018 /* Modules */ = {
			isa = PBXGroup;
			children = (
				C03B6C812917B1EB008E5018 /* Search */,
				C03B6C802917B1E5008E5018 /* Home */,
				C03B6C7B2917AC34008E5018 /* Tabbar */,
			);
			path = Modules;
			sourceTree = "<group>";
		};
		C03B6C7B2917AC34008E5018 /* Tabbar */ = {
			isa = PBXGroup;
			children = (
				C03B6C7C2917ADC0008E5018 /* TabbarButton.swift */,
				C03B6C7E2917B1D8008E5018 /* TabbarRoot.swift */,
			);
			path = Tabbar;
			sourceTree = "<group>";
		};
		C03B6C802917B1E5008E5018 /* Home */ = {
			isa = PBXGroup;
			children = (
				C03B6C822917B1F6008E5018 /* HomeView.swift */,
				C03B6C8E2917C816008E5018 /* HomeViewModel.swift */,
			);
			path = Home;
			sourceTree = "<group>";
		};
		C03B6C812917B1EB008E5018 /* Search */ = {
			isa = PBXGroup;
			children = (
				C03B6C842917B495008E5018 /* SearchView.swift */,
				C0FC605B2918F48A00643C93 /* SearchViewModel.swift */,
			);
			path = Search;
			sourceTree = "<group>";
		};
		C03B6C862917B5D7008E5018 /* Models */ = {
			isa = PBXGroup;
			children = (
				C03B6C892917B78E008E5018 /* Movie.swift */,
				C03B6C8B2917B795008E5018 /* MovieList.swift */,
			);
			path = Models;
			sourceTree = "<group>";
		};
		C094A954291509E600D2BB39 /* Network */ = {
			isa = PBXGroup;
			children = (
				C094A955291509F500D2BB39 /* NetworkManager.swift */,
			);
			path = Network;
			sourceTree = "<group>";
		};
		C0F0B59829157CD200BA2499 /* Core */ = {
			isa = PBXGroup;
			children = (
				C010A56C291178CE00C971FB /* SwiftUI_MVVM_ExampleApp.swift */,
				C0F0B59929157CE600BA2499 /* AppEnvironments.swift */,
			);
			path = Core;
			sourceTree = "<group>";
		};
		C0FA34A02912DCAD00885E73 /* Components */ = {
			isa = PBXGroup;
			children = (
				C0FA34A12912DCBB00885E73 /* MovieCardView.swift */,
				C0085F472913EB98001C174A /* AnimatedAsyncImageView.swift */,
				C03B6C872917B610008E5018 /* MovieListSection.swift */,
			);
			path = Components;
			sourceTree = "<group>";
		};
/* End PBXGroup section */

/* Begin PBXNativeTarget section */
		C010A568291178CE00C971FB /* SwiftUI-MVVM-Example */ = {
			isa = PBXNativeTarget;
			buildConfigurationList = C010A577291178CF00C971FB /* Build configuration list for PBXNativeTarget "SwiftUI-MVVM-Example" */;
			buildPhases = (
				C010A565291178CE00C971FB /* Sources */,
				C010A566291178CE00C971FB /* Frameworks */,
				C010A567291178CE00C971FB /* Resources */,
			);
			buildRules = (
			);
			dependencies = (
			);
			name = "SwiftUI-MVVM-Example";
			packageProductDependencies = (
				C0F628252913F7980020BB59 /* SwiftUIAnimatedRingCharts */,
			);
			productName = "SwiftUI-MVVM-Example";
			productReference = C010A569291178CE00C971FB /* SwiftUI-MVVM-Example.app */;
			productType = "com.apple.product-type.application";
		};
/* End PBXNativeTarget section */

/* Begin PBXProject section */
		C010A561291178CE00C971FB /* Project object */ = {
			isa = PBXProject;
			attributes = {
				BuildIndependentTargetsInParallel = 1;
				LastSwiftUpdateCheck = 1400;
				LastUpgradeCheck = 1400;
				TargetAttributes = {
					C010A568291178CE00C971FB = {
						CreatedOnToolsVersion = 14.0.1;
					};
				};
			};
			buildConfigurationList = C010A564291178CE00C971FB /* Build configuration list for PBXProject "SwiftUI-MVVM-Example" */;
			compatibilityVersion = "Xcode 14.0";
			developmentRegion = en;
			hasScannedForEncodings = 0;
			knownRegions = (
				en,
				Base,
			);
			mainGroup = C010A560291178CE00C971FB;
			packageReferences = (
				C0F628242913F7980020BB59 /* XCRemoteSwiftPackageReference "SwiftUIAnimatedRingCharts" */,
			);
			productRefGroup = C010A56A291178CE00C971FB /* Products */;
			projectDirPath = "";
			projectRoot = "";
			targets = (
				C010A568291178CE00C971FB /* SwiftUI-MVVM-Example */,
			);
		};
/* End PBXProject section */

/* Begin PBXResourcesBuildPhase section */
		C010A567291178CE00C971FB /* Resources */ = {
			isa = PBXResourcesBuildPhase;
			buildActionMask = 2147483647;
			files = (
				C010A574291178CF00C971FB /* Preview Assets.xcassets in Resources */,
				C010A571291178CF00C971FB /* Assets.xcassets in Resources */,
			);
			runOnlyForDeploymentPostprocessing = 0;
		};
/* End PBXResourcesBuildPhase section */

/* Begin PBXSourcesBuildPhase section */
		C010A565291178CE00C971FB /* Sources */ = {
			isa = PBXSourcesBuildPhase;
			buildActionMask = 2147483647;
			files = (
				C03B6C8A2917B78E008E5018 /* Movie.swift in Sources */,
				C0085F4C2913EE49001C174A /* Double + Ext.swift in Sources */,
				C0FC605C2918F48A00643C93 /* SearchViewModel.swift in Sources */,
				C0EAD879291AC8750078DEE8 /* Data + Ext.swift in Sources */,
				C0F0B59A29157CE600BA2499 /* AppEnvironments.swift in Sources */,
				C03B6C8C2917B795008E5018 /* MovieList.swift in Sources */,
				C0FC605E2918F52100643C93 /* RequestAbleMovieListProtocol.swift in Sources */,
				C0085F4E2913EE72001C174A /* AppConstants.swift in Sources */,
				C03B6C882917B610008E5018 /* MovieListSection.swift in Sources */,
				C03B6C852917B495008E5018 /* SearchView.swift in Sources */,
				C094A956291509F500D2BB39 /* NetworkManager.swift in Sources */,
				C03B6C832917B1F6008E5018 /* HomeView.swift in Sources */,
				C03B6C7D2917ADC0008E5018 /* TabbarButton.swift in Sources */,
				C0FA34A22912DCBB00885E73 /* MovieCardView.swift in Sources */,
				C03B6C7F2917B1D8008E5018 /* TabbarRoot.swift in Sources */,
				C0085F482913EB98001C174A /* AnimatedAsyncImageView.swift in Sources */,
				C03B6C8F2917C816008E5018 /* HomeViewModel.swift in Sources */,
				C010A56D291178CE00C971FB /* SwiftUI_MVVM_ExampleApp.swift in Sources */,
			);
			runOnlyForDeploymentPostprocessing = 0;
		};
/* End PBXSourcesBuildPhase section */

/* Begin XCBuildConfiguration section */
		C010A575291178CF00C971FB /* Debug */ = {
			isa = XCBuildConfiguration;
			buildSettings = {
				ALWAYS_SEARCH_USER_PATHS = NO;
				CLANG_ANALYZER_NONNULL = YES;
				CLANG_ANALYZER_NUMBER_OBJECT_CONVERSION = YES_AGGRESSIVE;
				CLANG_CXX_LANGUAGE_STANDARD = "gnu++20";
				CLANG_ENABLE_MODULES = YES;
				CLANG_ENABLE_OBJC_ARC = YES;
				CLANG_ENABLE_OBJC_WEAK = YES;
				CLANG_WARN_BLOCK_CAPTURE_AUTORELEASING = YES;
				CLANG_WARN_BOOL_CONVERSION = YES;
				CLANG_WARN_COMMA = YES;
				CLANG_WARN_CONSTANT_CONVERSION = YES;
				CLANG_WARN_DEPRECATED_OBJC_IMPLEMENTATIONS = YES;
				CLANG_WARN_DIRECT_OBJC_ISA_USAGE = YES_ERROR;
				CLANG_WARN_DOCUMENTATION_COMMENTS = YES;
				CLANG_WARN_EMPTY_BODY = YES;
				CLANG_WARN_ENUM_CONVERSION = YES;
				CLANG_WARN_INFINITE_RECURSION = YES;
				CLANG_WARN_INT_CONVERSION = YES;
				CLANG_WARN_NON_LITERAL_NULL_CONVERSION = YES;
				CLANG_WARN_OBJC_IMPLICIT_RETAIN_SELF = YES;
				CLANG_WARN_OBJC_LITERAL_CONVERSION = YES;
				CLANG_WARN_OBJC_ROOT_CLASS = YES_ERROR;
				CLANG_WARN_QUOTED_INCLUDE_IN_FRAMEWORK_HEADER = YES;
				CLANG_WARN_RANGE_LOOP_ANALYSIS = YES;
				CLANG_WARN_STRICT_PROTOTYPES = YES;
				CLANG_WARN_SUSPICIOUS_MOVE = YES;
				CLANG_WARN_UNGUARDED_AVAILABILITY = YES_AGGRESSIVE;
				CLANG_WARN_UNREACHABLE_CODE = YES;
				CLANG_WARN__DUPLICATE_METHOD_MATCH = YES;
				COPY_PHASE_STRIP = NO;
				DEBUG_INFORMATION_FORMAT = dwarf;
				ENABLE_STRICT_OBJC_MSGSEND = YES;
				ENABLE_TESTABILITY = YES;
				GCC_C_LANGUAGE_STANDARD = gnu11;
				GCC_DYNAMIC_NO_PIC = NO;
				GCC_NO_COMMON_BLOCKS = YES;
				GCC_OPTIMIZATION_LEVEL = 0;
				GCC_PREPROCESSOR_DEFINITIONS = (
					"DEBUG=1",
					"$(inherited)",
				);
				GCC_WARN_64_TO_32_BIT_CONVERSION = YES;
				GCC_WARN_ABOUT_RETURN_TYPE = YES_ERROR;
				GCC_WARN_UNDECLARED_SELECTOR = YES;
				GCC_WARN_UNINITIALIZED_AUTOS = YES_AGGRESSIVE;
				GCC_WARN_UNUSED_FUNCTION = YES;
				GCC_WARN_UNUSED_VARIABLE = YES;
				IPHONEOS_DEPLOYMENT_TARGET = 15.0;
				MTL_ENABLE_DEBUG_INFO = INCLUDE_SOURCE;
				MTL_FAST_MATH = YES;
				ONLY_ACTIVE_ARCH = YES;
				SDKROOT = iphoneos;
				SWIFT_ACTIVE_COMPILATION_CONDITIONS = DEBUG;
				SWIFT_OPTIMIZATION_LEVEL = "-Onone";
			};
			name = Debug;
		};
		C010A576291178CF00C971FB /* Release */ = {
			isa = XCBuildConfiguration;
			buildSettings = {
				ALWAYS_SEARCH_USER_PATHS = NO;
				CLANG_ANALYZER_NONNULL = YES;
				CLANG_ANALYZER_NUMBER_OBJECT_CONVERSION = YES_AGGRESSIVE;
				CLANG_CXX_LANGUAGE_STANDARD = "gnu++20";
				CLANG_ENABLE_MODULES = YES;
				CLANG_ENABLE_OBJC_ARC = YES;
				CLANG_ENABLE_OBJC_WEAK = YES;
				CLANG_WARN_BLOCK_CAPTURE_AUTORELEASING = YES;
				CLANG_WARN_BOOL_CONVERSION = YES;
				CLANG_WARN_COMMA = YES;
				CLANG_WARN_CONSTANT_CONVERSION = YES;
				CLANG_WARN_DEPRECATED_OBJC_IMPLEMENTATIONS = YES;
				CLANG_WARN_DIRECT_OBJC_ISA_USAGE = YES_ERROR;
				CLANG_WARN_DOCUMENTATION_COMMENTS = YES;
				CLANG_WARN_EMPTY_BODY = YES;
				CLANG_WARN_ENUM_CONVERSION = YES;
				CLANG_WARN_INFINITE_RECURSION = YES;
				CLANG_WARN_INT_CONVERSION = YES;
				CLANG_WARN_NON_LITERAL_NULL_CONVERSION = YES;
				CLANG_WARN_OBJC_IMPLICIT_RETAIN_SELF = YES;
				CLANG_WARN_OBJC_LITERAL_CONVERSION = YES;
				CLANG_WARN_OBJC_ROOT_CLASS = YES_ERROR;
				CLANG_WARN_QUOTED_INCLUDE_IN_FRAMEWORK_HEADER = YES;
				CLANG_WARN_RANGE_LOOP_ANALYSIS = YES;
				CLANG_WARN_STRICT_PROTOTYPES = YES;
				CLANG_WARN_SUSPICIOUS_MOVE = YES;
				CLANG_WARN_UNGUARDED_AVAILABILITY = YES_AGGRESSIVE;
				CLANG_WARN_UNREACHABLE_CODE = YES;
				CLANG_WARN__DUPLICATE_METHOD_MATCH = YES;
				COPY_PHASE_STRIP = NO;
				DEBUG_INFORMATION_FORMAT = "dwarf-with-dsym";
				ENABLE_NS_ASSERTIONS = NO;
				ENABLE_STRICT_OBJC_MSGSEND = YES;
				GCC_C_LANGUAGE_STANDARD = gnu11;
				GCC_NO_COMMON_BLOCKS = YES;
				GCC_WARN_64_TO_32_BIT_CONVERSION = YES;
				GCC_WARN_ABOUT_RETURN_TYPE = YES_ERROR;
				GCC_WARN_UNDECLARED_SELECTOR = YES;
				GCC_WARN_UNINITIALIZED_AUTOS = YES_AGGRESSIVE;
				GCC_WARN_UNUSED_FUNCTION = YES;
				GCC_WARN_UNUSED_VARIABLE = YES;
				IPHONEOS_DEPLOYMENT_TARGET = 15.0;
				MTL_ENABLE_DEBUG_INFO = NO;
				MTL_FAST_MATH = YES;
				SDKROOT = iphoneos;
				SWIFT_COMPILATION_MODE = wholemodule;
				SWIFT_OPTIMIZATION_LEVEL = "-O";
				VALIDATE_PRODUCT = YES;
			};
			name = Release;
		};
		C010A578291178CF00C971FB /* Debug */ = {
			isa = XCBuildConfiguration;
			buildSettings = {
				ASSETCATALOG_COMPILER_APPICON_NAME = AppIcon;
				ASSETCATALOG_COMPILER_GLOBAL_ACCENT_COLOR_NAME = AccentColor;
				CODE_SIGN_STYLE = Automatic;
				CURRENT_PROJECT_VERSION = 1;
				DEVELOPMENT_ASSET_PATHS = "\"SwiftUI-MVVM-Example/Preview Content\"";
				DEVELOPMENT_TEAM = 6PALB6K8YY;
				ENABLE_PREVIEWS = YES;
				GENERATE_INFOPLIST_FILE = YES;
				INFOPLIST_KEY_CFBundleDisplayName = "Movie Discover";
				INFOPLIST_KEY_LSApplicationCategoryType = "public.app-category.lifestyle";
				INFOPLIST_KEY_UIApplicationSceneManifest_Generation = YES;
				INFOPLIST_KEY_UIApplicationSupportsIndirectInputEvents = YES;
				INFOPLIST_KEY_UILaunchScreen_Generation = YES;
				INFOPLIST_KEY_UISupportedInterfaceOrientations_iPad = "UIInterfaceOrientationPortrait UIInterfaceOrientationPortraitUpsideDown UIInterfaceOrientationLandscapeLeft UIInterfaceOrientationLandscapeRight";
				INFOPLIST_KEY_UISupportedInterfaceOrientations_iPhone = "UIInterfaceOrientationPortrait UIInterfaceOrientationLandscapeLeft UIInterfaceOrientationLandscapeRight";
				IPHONEOS_DEPLOYMENT_TARGET = 15.0;
				LD_RUNPATH_SEARCH_PATHS = (
					"$(inherited)",
					"@executable_path/Frameworks",
				);
				MARKETING_VERSION = 1.0;
				PRODUCT_BUNDLE_IDENTIFIER = "com.devmehmetates.SwiftUI-MVVM-Example";
				PRODUCT_NAME = "$(TARGET_NAME)";
				SUPPORTED_PLATFORMS = "iphoneos iphonesimulator";
				SUPPORTS_MACCATALYST = NO;
				SUPPORTS_MAC_DESIGNED_FOR_IPHONE_IPAD = NO;
				SWIFT_EMIT_LOC_STRINGS = YES;
				SWIFT_VERSION = 5.0;
				TARGETED_DEVICE_FAMILY = 1;
			};
			name = Debug;
		};
		C010A579291178CF00C971FB /* Release */ = {
			isa = XCBuildConfiguration;
			buildSettings = {
				ASSETCATALOG_COMPILER_APPICON_NAME = AppIcon;
				ASSETCATALOG_COMPILER_GLOBAL_ACCENT_COLOR_NAME = AccentColor;
				CODE_SIGN_STYLE = Automatic;
				CURRENT_PROJECT_VERSION = 1;
				DEVELOPMENT_ASSET_PATHS = "\"SwiftUI-MVVM-Example/Preview Content\"";
				DEVELOPMENT_TEAM = 6PALB6K8YY;
				ENABLE_PREVIEWS = YES;
				GENERATE_INFOPLIST_FILE = YES;
				INFOPLIST_KEY_CFBundleDisplayName = "Movie Discover";
				INFOPLIST_KEY_LSApplicationCategoryType = "public.app-category.lifestyle";
				INFOPLIST_KEY_UIApplicationSceneManifest_Generation = YES;
				INFOPLIST_KEY_UIApplicationSupportsIndirectInputEvents = YES;
				INFOPLIST_KEY_UILaunchScreen_Generation = YES;
				INFOPLIST_KEY_UISupportedInterfaceOrientations_iPad = "UIInterfaceOrientationPortrait UIInterfaceOrientationPortraitUpsideDown UIInterfaceOrientationLandscapeLeft UIInterfaceOrientationLandscapeRight";
				INFOPLIST_KEY_UISupportedInterfaceOrientations_iPhone = "UIInterfaceOrientationPortrait UIInterfaceOrientationLandscapeLeft UIInterfaceOrientationLandscapeRight";
				IPHONEOS_DEPLOYMENT_TARGET = 15.0;
				LD_RUNPATH_SEARCH_PATHS = (
					"$(inherited)",
					"@executable_path/Frameworks",
				);
				MARKETING_VERSION = 1.0;
				PRODUCT_BUNDLE_IDENTIFIER = "com.devmehmetates.SwiftUI-MVVM-Example";
				PRODUCT_NAME = "$(TARGET_NAME)";
				SUPPORTED_PLATFORMS = "iphoneos iphonesimulator";
				SUPPORTS_MACCATALYST = NO;
				SUPPORTS_MAC_DESIGNED_FOR_IPHONE_IPAD = NO;
				SWIFT_EMIT_LOC_STRINGS = YES;
				SWIFT_VERSION = 5.0;
				TARGETED_DEVICE_FAMILY = 1;
			};
			name = Release;
		};
/* End XCBuildConfiguration section */

/* Begin XCConfigurationList section */
		C010A564291178CE00C971FB /* Build configuration list for PBXProject "SwiftUI-MVVM-Example" */ = {
			isa = XCConfigurationList;
			buildConfigurations = (
				C010A575291178CF00C971FB /* Debug */,
				C010A576291178CF00C971FB /* Release */,
			);
			defaultConfigurationIsVisible = 0;
			defaultConfigurationName = Release;
		};
		C010A577291178CF00C971FB /* Build configuration list for PBXNativeTarget "SwiftUI-MVVM-Example" */ = {
			isa = XCConfigurationList;
			buildConfigurations = (
				C010A578291178CF00C971FB /* Debug */,
				C010A579291178CF00C971FB /* Release */,
			);
			defaultConfigurationIsVisible = 0;
			defaultConfigurationName = Release;
		};
/* End XCConfigurationList section */

/* Begin XCRemoteSwiftPackageReference section */
		C0F628242913F7980020BB59 /* XCRemoteSwiftPackageReference "SwiftUIAnimatedRingCharts" */ = {
			isa = XCRemoteSwiftPackageReference;
			repositoryURL = "https://github.com/devmehmetates/SwiftUIAnimatedRingCharts.git";
			requirement = {
				branch = main;
				kind = branch;
			};
		};
/* End XCRemoteSwiftPackageReference section */

/* Begin XCSwiftPackageProductDependency section */
		C0F628252913F7980020BB59 /* SwiftUIAnimatedRingCharts */ = {
			isa = XCSwiftPackageProductDependency;
			package = C0F628242913F7980020BB59 /* XCRemoteSwiftPackageReference "SwiftUIAnimatedRingCharts" */;
			productName = SwiftUIAnimatedRingCharts;
		};
/* End XCSwiftPackageProductDependency section */
	};
	rootObject = C010A561291178CE00C971FB /* Project object */;
}
