{
  "pins" : [
    {
      "identity" : "swiftuianimatedringcharts",
      "kind" : "remoteSourceControl",
      "location" : "https://github.com/devmehmetates/SwiftUIAnimatedRingCharts.git",
      "state" : {
        "branch" : "main",
        "revision" : "4d315c53fbcb90657817aad04fd3a34e6e929337"
      }
    }
  ],
  "version" : 2
}
