{
  "pins" : [
    {
      "identity" : "stickyasyncimageswiftui",
      "kind" : "remoteSourceControl",
      "location" : "https://github.com/devmehmetates/StickyAsyncImageSwiftUI.git",
      "state" : {
        "branch" : "main",
        "revision" : "22e903b802d284f0a56492da759db0b6bf002f85"
      }
    },
    {
      "identity" : "swiftuianimatedringcharts",
      "kind" : "remoteSourceControl",
      "location" : "https://github.com/devmehmetates/SwiftUIAnimatedRingCharts.git",
      "state" : {
        "branch" : "main",
        "revision" : "4d315c53fbcb90657817aad04fd3a34e6e929337"
      }
    }
  ],
  "version" : 2
}
