{
  "pins" : [
    {
      "identity" : "swiftuianimatedringcharts",
      "kind" : "remoteSourceControl",
      "location" : "https://github.com/devmehmetates/SwiftUIAnimatedRingCharts.git",
      "state" : {
        "branch" : "main",
        "revision" : "62db2fdcbee5541f41dcd3f82827fed3b66a49e6"
      }
    }
  ],
  "version" : 2
}
